{
 "profile_host": "[settings]\narch=x86_64\narch_build=x86_64\nbuild_type=Release\ncompiler=apple-clang\ncompiler.libcxx=libc++\ncompiler.version=11.0\nos=Macos\nos_build=Macos\n[options]\n[build_requires]\n[env]\n",
 "graph_lock": {
  "nodes": {
   "2d55f392-096b-11ea-b356-4865ee10951b": {
    "pref": "libA/0.0@demo/testing#30ce3bd320b3573e7b614618fdfc474a:103f6067a947f366ef91fc1b7da351c588d1827f#87d3d9d54c438fd16e62dd5fdac730a0",
    "options": "shared=False",
    "modified": "Build",
    "path": "/Users/carlos/Documents/hackaton/conan-ci-demo/libA/conanfile.py"
   }
  }
 },
 "version": "0.1"
}